
Microsoft Visual Studio Solution File, Format Version 12.00
# Visual Studio Version 16
VisualStudioVersion = 16.0.30804.86
MinimumVisualStudioVersion = 15.0.26124.0
Project("{2150E333-8FDC-42A3-9474-1A3956D46DE8}") = "Src", "Src", "{424F469C-41E4-4BD5-AFAE-E6A40EE883F9}"
EndProject
Project("{2150E333-8FDC-42A3-9474-1A3956D46DE8}") = "Core", "Core", "{8DA61452-ADE2-43D1-8E3A-9264CDD4C7D7}"
EndProject
Project("{9A19103F-16F7-4668-BE54-9A1E7A4F7556}") = "NotSocialNetwork.Application", "Src\Core\NotSocialNetwork.Application\NotSocialNetwork.Application.csproj", "{CDCD17EE-84F2-4423-A07F-8A0834DB8BB8}"
EndProject
Project("{2150E333-8FDC-42A3-9474-1A3956D46DE8}") = "Infrastructure", "Infrastructure", "{DEDBA328-3A0B-4574-97CC-0685F5CAAABF}"
EndProject
Project("{9A19103F-16F7-4668-BE54-9A1E7A4F7556}") = "NotSocialNetwork.Data", "Src\Infrastructure\NotSocialNetwork.Data\NotSocialNetwork.Data.csproj", "{182E749F-11C4-4D5F-B1E4-561209BC2A29}"
EndProject
Project("{9A19103F-16F7-4668-BE54-9A1E7A4F7556}") = "NotSocialNetwork.DBContexts", "Src\Infrastructure\NotSocialNetwork.DBContexts\NotSocialNetwork.DBContexts.csproj", "{7171E7E7-E133-404B-9E64-F6714ACBC92C}"
EndProject
Project("{9A19103F-16F7-4668-BE54-9A1E7A4F7556}") = "NotSocialNetwork.DI", "Src\Infrastructure\NotSocialNetwork.DI\NotSocialNetwork.DI.csproj", "{C0838D4C-18E0-4AF5-83F1-1BEBE54C2CA6}"
EndProject
Project("{9A19103F-16F7-4668-BE54-9A1E7A4F7556}") = "NotSocialNetwork.Services", "Src\Infrastructure\NotSocialNetwork.Services\NotSocialNetwork.Services.csproj", "{156CAE7B-338C-402F-B765-178B26E8279F}"
EndProject
Project("{2150E333-8FDC-42A3-9474-1A3956D46DE8}") = "Presentation", "Presentation", "{B2E6E490-1848-42B3-B1A7-5037E608C48C}"
EndProject
Project("{2150E333-8FDC-42A3-9474-1A3956D46DE8}") = "Tests", "Tests", "{304ADBBA-4670-4188-803E-3A25C5F70B2E}"
EndProject
Project("{9A19103F-16F7-4668-BE54-9A1E7A4F7556}") = "NotSocialNetwork.Core.Tests", "Tests\NotSocialNetwork.Core.Tests\NotSocialNetwork.Core.Tests.csproj", "{5898678E-110E-4C29-AED5-1D46663CB40A}"
EndProject
Project("{9A19103F-16F7-4668-BE54-9A1E7A4F7556}") = "NotSocialNetwork.Infrastructure.Tests", "Tests\NotSocialNetwork.Infrastructure.Tests\NotSocialNetwork.Infrastructure.Tests.csproj", "{08042928-989C-4299-AF00-B18DE2B0256D}"
EndProject
Project("{9A19103F-16F7-4668-BE54-9A1E7A4F7556}") = "NotSocialNetwork.Presentation.Tests", "Tests\NotSocialNetwork.Presentation.Tests\NotSocialNetwork.Presentation.Tests.csproj", "{DD3AE1DF-0E24-417C-AF81-6329E79E16DB}"
EndProject
Project("{9A19103F-16F7-4668-BE54-9A1E7A4F7556}") = "NotSocialNetwork.API", "Src\Presentation\NotSocialNetwork.API\NotSocialNetwork.API.csproj", "{37DF9721-5B85-484C-9512-91E98DF3C04F}"
EndProject
Project("{9A19103F-16F7-4668-BE54-9A1E7A4F7556}") = "NotSocialNetwork.UI", "Src\Presentation\NotSocialNetwork.UI\NotSocialNetwork.UI.csproj", "{6F750F12-9384-4D0A-BC8D-D8D6F9F387B2}"
EndProject
Project("{9A19103F-16F7-4668-BE54-9A1E7A4F7556}") = "NotSocialNetwork.Mapping", "Src\Infrastructure\NotSocialNetwork.Mapping\NotSocialNetwork.Mapping.csproj", "{CDF4A4FB-B49A-4AF3-8C0C-AAE780865C4D}"
EndProject
Project("{2150E333-8FDC-42A3-9474-1A3956D46DE8}") = "Solution Items", "Solution Items", "{ACB100BE-4E5C-4D96-8D9D-94931E7E3F6B}"
	ProjectSection(SolutionItems) = preProject
		docker-compose.yaml = docker-compose.yaml
	EndProjectSection
EndProject
Project("{9A19103F-16F7-4668-BE54-9A1E7A4F7556}") = "NotSocialNetwork.BlazorWasm.WebUIAdmin", "Src\Presentation\NotSocialNetwork.BlazorWasm.WebUIAdmin\NotSocialNetwork.BlazorWasm.WebUIAdmin.csproj", "{37B0FEA8-0317-4B4C-85AC-89F317CB9461}"
EndProject
Global
	GlobalSection(SolutionConfigurationPlatforms) = preSolution
		Debug|Any CPU = Debug|Any CPU
		Debug|x64 = Debug|x64
		Debug|x86 = Debug|x86
		Release|Any CPU = Release|Any CPU
		Release|x64 = Release|x64
		Release|x86 = Release|x86
	EndGlobalSection
	GlobalSection(ProjectConfigurationPlatforms) = postSolution
		{CDCD17EE-84F2-4423-A07F-8A0834DB8BB8}.Debug|Any CPU.ActiveCfg = Debug|Any CPU
		{CDCD17EE-84F2-4423-A07F-8A0834DB8BB8}.Debug|Any CPU.Build.0 = Debug|Any CPU
		{CDCD17EE-84F2-4423-A07F-8A0834DB8BB8}.Debug|x64.ActiveCfg = Debug|Any CPU
		{CDCD17EE-84F2-4423-A07F-8A0834DB8BB8}.Debug|x64.Build.0 = Debug|Any CPU
		{CDCD17EE-84F2-4423-A07F-8A0834DB8BB8}.Debug|x86.ActiveCfg = Debug|Any CPU
		{CDCD17EE-84F2-4423-A07F-8A0834DB8BB8}.Debug|x86.Build.0 = Debug|Any CPU
		{CDCD17EE-84F2-4423-A07F-8A0834DB8BB8}.Release|Any CPU.ActiveCfg = Release|Any CPU
		{CDCD17EE-84F2-4423-A07F-8A0834DB8BB8}.Release|Any CPU.Build.0 = Release|Any CPU
		{CDCD17EE-84F2-4423-A07F-8A0834DB8BB8}.Release|x64.ActiveCfg = Release|Any CPU
		{CDCD17EE-84F2-4423-A07F-8A0834DB8BB8}.Release|x64.Build.0 = Release|Any CPU
		{CDCD17EE-84F2-4423-A07F-8A0834DB8BB8}.Release|x86.ActiveCfg = Release|Any CPU
		{CDCD17EE-84F2-4423-A07F-8A0834DB8BB8}.Release|x86.Build.0 = Release|Any CPU
		{182E749F-11C4-4D5F-B1E4-561209BC2A29}.Debug|Any CPU.ActiveCfg = Debug|Any CPU
		{182E749F-11C4-4D5F-B1E4-561209BC2A29}.Debug|Any CPU.Build.0 = Debug|Any CPU
		{182E749F-11C4-4D5F-B1E4-561209BC2A29}.Debug|x64.ActiveCfg = Debug|Any CPU
		{182E749F-11C4-4D5F-B1E4-561209BC2A29}.Debug|x64.Build.0 = Debug|Any CPU
		{182E749F-11C4-4D5F-B1E4-561209BC2A29}.Debug|x86.ActiveCfg = Debug|Any CPU
		{182E749F-11C4-4D5F-B1E4-561209BC2A29}.Debug|x86.Build.0 = Debug|Any CPU
		{182E749F-11C4-4D5F-B1E4-561209BC2A29}.Release|Any CPU.ActiveCfg = Release|Any CPU
		{182E749F-11C4-4D5F-B1E4-561209BC2A29}.Release|Any CPU.Build.0 = Release|Any CPU
		{182E749F-11C4-4D5F-B1E4-561209BC2A29}.Release|x64.ActiveCfg = Release|Any CPU
		{182E749F-11C4-4D5F-B1E4-561209BC2A29}.Release|x64.Build.0 = Release|Any CPU
		{182E749F-11C4-4D5F-B1E4-561209BC2A29}.Release|x86.ActiveCfg = Release|Any CPU
		{182E749F-11C4-4D5F-B1E4-561209BC2A29}.Release|x86.Build.0 = Release|Any CPU
		{7171E7E7-E133-404B-9E64-F6714ACBC92C}.Debug|Any CPU.ActiveCfg = Debug|Any CPU
		{7171E7E7-E133-404B-9E64-F6714ACBC92C}.Debug|Any CPU.Build.0 = Debug|Any CPU
		{7171E7E7-E133-404B-9E64-F6714ACBC92C}.Debug|x64.ActiveCfg = Debug|Any CPU
		{7171E7E7-E133-404B-9E64-F6714ACBC92C}.Debug|x64.Build.0 = Debug|Any CPU
		{7171E7E7-E133-404B-9E64-F6714ACBC92C}.Debug|x86.ActiveCfg = Debug|Any CPU
		{7171E7E7-E133-404B-9E64-F6714ACBC92C}.Debug|x86.Build.0 = Debug|Any CPU
		{7171E7E7-E133-404B-9E64-F6714ACBC92C}.Release|Any CPU.ActiveCfg = Release|Any CPU
		{7171E7E7-E133-404B-9E64-F6714ACBC92C}.Release|Any CPU.Build.0 = Release|Any CPU
		{7171E7E7-E133-404B-9E64-F6714ACBC92C}.Release|x64.ActiveCfg = Release|Any CPU
		{7171E7E7-E133-404B-9E64-F6714ACBC92C}.Release|x64.Build.0 = Release|Any CPU
		{7171E7E7-E133-404B-9E64-F6714ACBC92C}.Release|x86.ActiveCfg = Release|Any CPU
		{7171E7E7-E133-404B-9E64-F6714ACBC92C}.Release|x86.Build.0 = Release|Any CPU
		{C0838D4C-18E0-4AF5-83F1-1BEBE54C2CA6}.Debug|Any CPU.ActiveCfg = Debug|Any CPU
		{C0838D4C-18E0-4AF5-83F1-1BEBE54C2CA6}.Debug|Any CPU.Build.0 = Debug|Any CPU
		{C0838D4C-18E0-4AF5-83F1-1BEBE54C2CA6}.Debug|x64.ActiveCfg = Debug|Any CPU
		{C0838D4C-18E0-4AF5-83F1-1BEBE54C2CA6}.Debug|x64.Build.0 = Debug|Any CPU
		{C0838D4C-18E0-4AF5-83F1-1BEBE54C2CA6}.Debug|x86.ActiveCfg = Debug|Any CPU
		{C0838D4C-18E0-4AF5-83F1-1BEBE54C2CA6}.Debug|x86.Build.0 = Debug|Any CPU
		{C0838D4C-18E0-4AF5-83F1-1BEBE54C2CA6}.Release|Any CPU.ActiveCfg = Release|Any CPU
		{C0838D4C-18E0-4AF5-83F1-1BEBE54C2CA6}.Release|Any CPU.Build.0 = Release|Any CPU
		{C0838D4C-18E0-4AF5-83F1-1BEBE54C2CA6}.Release|x64.ActiveCfg = Release|Any CPU
		{C0838D4C-18E0-4AF5-83F1-1BEBE54C2CA6}.Release|x64.Build.0 = Release|Any CPU
		{C0838D4C-18E0-4AF5-83F1-1BEBE54C2CA6}.Release|x86.ActiveCfg = Release|Any CPU
		{C0838D4C-18E0-4AF5-83F1-1BEBE54C2CA6}.Release|x86.Build.0 = Release|Any CPU
		{156CAE7B-338C-402F-B765-178B26E8279F}.Debug|Any CPU.ActiveCfg = Debug|Any CPU
		{156CAE7B-338C-402F-B765-178B26E8279F}.Debug|Any CPU.Build.0 = Debug|Any CPU
		{156CAE7B-338C-402F-B765-178B26E8279F}.Debug|x64.ActiveCfg = Debug|Any CPU
		{156CAE7B-338C-402F-B765-178B26E8279F}.Debug|x64.Build.0 = Debug|Any CPU
		{156CAE7B-338C-402F-B765-178B26E8279F}.Debug|x86.ActiveCfg = Debug|Any CPU
		{156CAE7B-338C-402F-B765-178B26E8279F}.Debug|x86.Build.0 = Debug|Any CPU
		{156CAE7B-338C-402F-B765-178B26E8279F}.Release|Any CPU.ActiveCfg = Release|Any CPU
		{156CAE7B-338C-402F-B765-178B26E8279F}.Release|Any CPU.Build.0 = Release|Any CPU
		{156CAE7B-338C-402F-B765-178B26E8279F}.Release|x64.ActiveCfg = Release|Any CPU
		{156CAE7B-338C-402F-B765-178B26E8279F}.Release|x64.Build.0 = Release|Any CPU
		{156CAE7B-338C-402F-B765-178B26E8279F}.Release|x86.ActiveCfg = Release|Any CPU
		{156CAE7B-338C-402F-B765-178B26E8279F}.Release|x86.Build.0 = Release|Any CPU
		{5898678E-110E-4C29-AED5-1D46663CB40A}.Debug|Any CPU.ActiveCfg = Debug|Any CPU
		{5898678E-110E-4C29-AED5-1D46663CB40A}.Debug|Any CPU.Build.0 = Debug|Any CPU
		{5898678E-110E-4C29-AED5-1D46663CB40A}.Debug|x64.ActiveCfg = Debug|Any CPU
		{5898678E-110E-4C29-AED5-1D46663CB40A}.Debug|x64.Build.0 = Debug|Any CPU
		{5898678E-110E-4C29-AED5-1D46663CB40A}.Debug|x86.ActiveCfg = Debug|Any CPU
		{5898678E-110E-4C29-AED5-1D46663CB40A}.Debug|x86.Build.0 = Debug|Any CPU
		{5898678E-110E-4C29-AED5-1D46663CB40A}.Release|Any CPU.ActiveCfg = Release|Any CPU
		{5898678E-110E-4C29-AED5-1D46663CB40A}.Release|Any CPU.Build.0 = Release|Any CPU
		{5898678E-110E-4C29-AED5-1D46663CB40A}.Release|x64.ActiveCfg = Release|Any CPU
		{5898678E-110E-4C29-AED5-1D46663CB40A}.Release|x64.Build.0 = Release|Any CPU
		{5898678E-110E-4C29-AED5-1D46663CB40A}.Release|x86.ActiveCfg = Release|Any CPU
		{5898678E-110E-4C29-AED5-1D46663CB40A}.Release|x86.Build.0 = Release|Any CPU
		{08042928-989C-4299-AF00-B18DE2B0256D}.Debug|Any CPU.ActiveCfg = Debug|Any CPU
		{08042928-989C-4299-AF00-B18DE2B0256D}.Debug|Any CPU.Build.0 = Debug|Any CPU
		{08042928-989C-4299-AF00-B18DE2B0256D}.Debug|x64.ActiveCfg = Debug|Any CPU
		{08042928-989C-4299-AF00-B18DE2B0256D}.Debug|x64.Build.0 = Debug|Any CPU
		{08042928-989C-4299-AF00-B18DE2B0256D}.Debug|x86.ActiveCfg = Debug|Any CPU
		{08042928-989C-4299-AF00-B18DE2B0256D}.Debug|x86.Build.0 = Debug|Any CPU
		{08042928-989C-4299-AF00-B18DE2B0256D}.Release|Any CPU.ActiveCfg = Release|Any CPU
		{08042928-989C-4299-AF00-B18DE2B0256D}.Release|Any CPU.Build.0 = Release|Any CPU
		{08042928-989C-4299-AF00-B18DE2B0256D}.Release|x64.ActiveCfg = Release|Any CPU
		{08042928-989C-4299-AF00-B18DE2B0256D}.Release|x64.Build.0 = Release|Any CPU
		{08042928-989C-4299-AF00-B18DE2B0256D}.Release|x86.ActiveCfg = Release|Any CPU
		{08042928-989C-4299-AF00-B18DE2B0256D}.Release|x86.Build.0 = Release|Any CPU
		{DD3AE1DF-0E24-417C-AF81-6329E79E16DB}.Debug|Any CPU.ActiveCfg = Debug|Any CPU
		{DD3AE1DF-0E24-417C-AF81-6329E79E16DB}.Debug|Any CPU.Build.0 = Debug|Any CPU
		{DD3AE1DF-0E24-417C-AF81-6329E79E16DB}.Debug|x64.ActiveCfg = Debug|Any CPU
		{DD3AE1DF-0E24-417C-AF81-6329E79E16DB}.Debug|x64.Build.0 = Debug|Any CPU
		{DD3AE1DF-0E24-417C-AF81-6329E79E16DB}.Debug|x86.ActiveCfg = Debug|Any CPU
		{DD3AE1DF-0E24-417C-AF81-6329E79E16DB}.Debug|x86.Build.0 = Debug|Any CPU
		{DD3AE1DF-0E24-417C-AF81-6329E79E16DB}.Release|Any CPU.ActiveCfg = Release|Any CPU
		{DD3AE1DF-0E24-417C-AF81-6329E79E16DB}.Release|Any CPU.Build.0 = Release|Any CPU
		{DD3AE1DF-0E24-417C-AF81-6329E79E16DB}.Release|x64.ActiveCfg = Release|Any CPU
		{DD3AE1DF-0E24-417C-AF81-6329E79E16DB}.Release|x64.Build.0 = Release|Any CPU
		{DD3AE1DF-0E24-417C-AF81-6329E79E16DB}.Release|x86.ActiveCfg = Release|Any CPU
		{DD3AE1DF-0E24-417C-AF81-6329E79E16DB}.Release|x86.Build.0 = Release|Any CPU
		{37DF9721-5B85-484C-9512-91E98DF3C04F}.Debug|Any CPU.ActiveCfg = Debug|Any CPU
		{37DF9721-5B85-484C-9512-91E98DF3C04F}.Debug|Any CPU.Build.0 = Debug|Any CPU
		{37DF9721-5B85-484C-9512-91E98DF3C04F}.Debug|x64.ActiveCfg = Debug|Any CPU
		{37DF9721-5B85-484C-9512-91E98DF3C04F}.Debug|x64.Build.0 = Debug|Any CPU
		{37DF9721-5B85-484C-9512-91E98DF3C04F}.Debug|x86.ActiveCfg = Debug|Any CPU
		{37DF9721-5B85-484C-9512-91E98DF3C04F}.Debug|x86.Build.0 = Debug|Any CPU
		{37DF9721-5B85-484C-9512-91E98DF3C04F}.Release|Any CPU.ActiveCfg = Release|Any CPU
		{37DF9721-5B85-484C-9512-91E98DF3C04F}.Release|Any CPU.Build.0 = Release|Any CPU
		{37DF9721-5B85-484C-9512-91E98DF3C04F}.Release|x64.ActiveCfg = Release|Any CPU
		{37DF9721-5B85-484C-9512-91E98DF3C04F}.Release|x64.Build.0 = Release|Any CPU
		{37DF9721-5B85-484C-9512-91E98DF3C04F}.Release|x86.ActiveCfg = Release|Any CPU
		{37DF9721-5B85-484C-9512-91E98DF3C04F}.Release|x86.Build.0 = Release|Any CPU
		{6F750F12-9384-4D0A-BC8D-D8D6F9F387B2}.Debug|Any CPU.ActiveCfg = Debug|Any CPU
		{6F750F12-9384-4D0A-BC8D-D8D6F9F387B2}.Debug|Any CPU.Build.0 = Debug|Any CPU
		{6F750F12-9384-4D0A-BC8D-D8D6F9F387B2}.Debug|x64.ActiveCfg = Debug|Any CPU
		{6F750F12-9384-4D0A-BC8D-D8D6F9F387B2}.Debug|x64.Build.0 = Debug|Any CPU
		{6F750F12-9384-4D0A-BC8D-D8D6F9F387B2}.Debug|x86.ActiveCfg = Debug|Any CPU
		{6F750F12-9384-4D0A-BC8D-D8D6F9F387B2}.Debug|x86.Build.0 = Debug|Any CPU
		{6F750F12-9384-4D0A-BC8D-D8D6F9F387B2}.Release|Any CPU.ActiveCfg = Release|Any CPU
		{6F750F12-9384-4D0A-BC8D-D8D6F9F387B2}.Release|Any CPU.Build.0 = Release|Any CPU
		{6F750F12-9384-4D0A-BC8D-D8D6F9F387B2}.Release|x64.ActiveCfg = Release|Any CPU
		{6F750F12-9384-4D0A-BC8D-D8D6F9F387B2}.Release|x64.Build.0 = Release|Any CPU
		{6F750F12-9384-4D0A-BC8D-D8D6F9F387B2}.Release|x86.ActiveCfg = Release|Any CPU
		{6F750F12-9384-4D0A-BC8D-D8D6F9F387B2}.Release|x86.Build.0 = Release|Any CPU
		{CDF4A4FB-B49A-4AF3-8C0C-AAE780865C4D}.Debug|Any CPU.ActiveCfg = Debug|Any CPU
		{CDF4A4FB-B49A-4AF3-8C0C-AAE780865C4D}.Debug|Any CPU.Build.0 = Debug|Any CPU
		{CDF4A4FB-B49A-4AF3-8C0C-AAE780865C4D}.Debug|x64.ActiveCfg = Debug|Any CPU
		{CDF4A4FB-B49A-4AF3-8C0C-AAE780865C4D}.Debug|x64.Build.0 = Debug|Any CPU
		{CDF4A4FB-B49A-4AF3-8C0C-AAE780865C4D}.Debug|x86.ActiveCfg = Debug|Any CPU
		{CDF4A4FB-B49A-4AF3-8C0C-AAE780865C4D}.Debug|x86.Build.0 = Debug|Any CPU
		{CDF4A4FB-B49A-4AF3-8C0C-AAE780865C4D}.Release|Any CPU.ActiveCfg = Release|Any CPU
		{CDF4A4FB-B49A-4AF3-8C0C-AAE780865C4D}.Release|Any CPU.Build.0 = Release|Any CPU
		{CDF4A4FB-B49A-4AF3-8C0C-AAE780865C4D}.Release|x64.ActiveCfg = Release|Any CPU
		{CDF4A4FB-B49A-4AF3-8C0C-AAE780865C4D}.Release|x64.Build.0 = Release|Any CPU
		{CDF4A4FB-B49A-4AF3-8C0C-AAE780865C4D}.Release|x86.ActiveCfg = Release|Any CPU
		{CDF4A4FB-B49A-4AF3-8C0C-AAE780865C4D}.Release|x86.Build.0 = Release|Any CPU
		{37B0FEA8-0317-4B4C-85AC-89F317CB9461}.Debug|Any CPU.ActiveCfg = Debug|Any CPU
		{37B0FEA8-0317-4B4C-85AC-89F317CB9461}.Debug|Any CPU.Build.0 = Debug|Any CPU
		{37B0FEA8-0317-4B4C-85AC-89F317CB9461}.Debug|x64.ActiveCfg = Debug|Any CPU
		{37B0FEA8-0317-4B4C-85AC-89F317CB9461}.Debug|x64.Build.0 = Debug|Any CPU
		{37B0FEA8-0317-4B4C-85AC-89F317CB9461}.Debug|x86.ActiveCfg = Debug|Any CPU
		{37B0FEA8-0317-4B4C-85AC-89F317CB9461}.Debug|x86.Build.0 = Debug|Any CPU
		{37B0FEA8-0317-4B4C-85AC-89F317CB9461}.Release|Any CPU.ActiveCfg = Release|Any CPU
		{37B0FEA8-0317-4B4C-85AC-89F317CB9461}.Release|Any CPU.Build.0 = Release|Any CPU
		{37B0FEA8-0317-4B4C-85AC-89F317CB9461}.Release|x64.ActiveCfg = Release|Any CPU
		{37B0FEA8-0317-4B4C-85AC-89F317CB9461}.Release|x64.Build.0 = Release|Any CPU
		{37B0FEA8-0317-4B4C-85AC-89F317CB9461}.Release|x86.ActiveCfg = Release|Any CPU
		{37B0FEA8-0317-4B4C-85AC-89F317CB9461}.Release|x86.Build.0 = Release|Any CPU
	EndGlobalSection
	GlobalSection(SolutionProperties) = preSolution
		HideSolutionNode = FALSE
	EndGlobalSection
	GlobalSection(NestedProjects) = preSolution
		{8DA61452-ADE2-43D1-8E3A-9264CDD4C7D7} = {424F469C-41E4-4BD5-AFAE-E6A40EE883F9}
		{CDCD17EE-84F2-4423-A07F-8A0834DB8BB8} = {8DA61452-ADE2-43D1-8E3A-9264CDD4C7D7}
		{DEDBA328-3A0B-4574-97CC-0685F5CAAABF} = {424F469C-41E4-4BD5-AFAE-E6A40EE883F9}
		{182E749F-11C4-4D5F-B1E4-561209BC2A29} = {DEDBA328-3A0B-4574-97CC-0685F5CAAABF}
		{7171E7E7-E133-404B-9E64-F6714ACBC92C} = {DEDBA328-3A0B-4574-97CC-0685F5CAAABF}
		{C0838D4C-18E0-4AF5-83F1-1BEBE54C2CA6} = {DEDBA328-3A0B-4574-97CC-0685F5CAAABF}
		{156CAE7B-338C-402F-B765-178B26E8279F} = {DEDBA328-3A0B-4574-97CC-0685F5CAAABF}
		{B2E6E490-1848-42B3-B1A7-5037E608C48C} = {424F469C-41E4-4BD5-AFAE-E6A40EE883F9}
		{5898678E-110E-4C29-AED5-1D46663CB40A} = {304ADBBA-4670-4188-803E-3A25C5F70B2E}
		{08042928-989C-4299-AF00-B18DE2B0256D} = {304ADBBA-4670-4188-803E-3A25C5F70B2E}
		{DD3AE1DF-0E24-417C-AF81-6329E79E16DB} = {304ADBBA-4670-4188-803E-3A25C5F70B2E}
		{37DF9721-5B85-484C-9512-91E98DF3C04F} = {B2E6E490-1848-42B3-B1A7-5037E608C48C}
		{6F750F12-9384-4D0A-BC8D-D8D6F9F387B2} = {B2E6E490-1848-42B3-B1A7-5037E608C48C}
		{CDF4A4FB-B49A-4AF3-8C0C-AAE780865C4D} = {DEDBA328-3A0B-4574-97CC-0685F5CAAABF}
		{37B0FEA8-0317-4B4C-85AC-89F317CB9461} = {B2E6E490-1848-42B3-B1A7-5037E608C48C}
	EndGlobalSection
	GlobalSection(ExtensibilityGlobals) = postSolution
		SolutionGuid = {C8A93C7C-C93A-4A23-B64F-DE29CA769282}
	EndGlobalSection
EndGlobal
